
Microsoft Visual Studio Solution File, Format Version 12.00
# Visual Studio Version 17
VisualStudioVersion = 17.2.32505.173
MinimumVisualStudioVersion = 10.0.40219.1
Project("{FAE04EC0-301F-11D3-BF4B-00C04F79EFBC}") = "MVVMToolkitTest2", "MVVMToolkitTest2\MVVMToolkitTest2.csproj", "{08AAFBB3-D718-44E2-887E-0E6D516DACDB}"
EndProject
Global
	GlobalSection(SolutionConfigurationPlatforms) = preSolution
		Debug|Any CPU = Debug|Any CPU
		Release|Any CPU = Release|Any CPU
	EndGlobalSection
	GlobalSection(ProjectConfigurationPlatforms) = postSolution
		{08AAFBB3-D718-44E2-887E-0E6D516DACDB}.Debug|Any CPU.ActiveCfg = Debug|Any CPU
		{08AAFBB3-D718-44E2-887E-0E6D516DACDB}.Debug|Any CPU.Build.0 = Debug|Any CPU
		{08AAFBB3-D718-44E2-887E-0E6D516DACDB}.Release|Any CPU.ActiveCfg = Release|Any CPU
		{08AAFBB3-D718-44E2-887E-0E6D516DACDB}.Release|Any CPU.Build.0 = Release|Any CPU
	EndGlobalSection
	GlobalSection(SolutionProperties) = preSolution
		HideSolutionNode = FALSE
	EndGlobalSection
	GlobalSection(ExtensibilityGlobals) = postSolution
		SolutionGuid = {A33EA31D-362F-41C4-9C17-050C14C6E8B4}
	EndGlobalSection
EndGlobal
